
Microsoft Visual Studio Solution File, Format Version 12.00
# Visual Studio Version 17
VisualStudioVersion = 17.0.31903.59
MinimumVisualStudioVersion = 10.0.40219.1
Project("{2150E333-8FDC-42A3-9474-1A3956D46DE8}") = "LMS", "LMS", "{1056330D-E7ED-636E-D487-14786E55E509}"
EndProject
Project("{FAE04EC0-301F-11D3-BF4B-00C04F79EFBC}") = "LMS.AppHost", "LMS\LMS.AppHost\LMS.AppHost.csproj", "{572A43DF-8564-4E85-8551-4E5100F30B5D}"
EndProject
Project("{FAE04EC0-301F-11D3-BF4B-00C04F79EFBC}") = "LMS.Data", "LMS\LMS.Data\LMS.Data.csproj", "{7FD9E3B5-11EF-49A4-BF2B-E080995577C8}"
EndProject
Project("{FAE04EC0-301F-11D3-BF4B-00C04F79EFBC}") = "LMS.ServiceDefaults", "LMS\LMS.ServiceDefaults\LMS.ServiceDefaults.csproj", "{A6E2320A-C2F0-45E5-B042-6BB96C7D7BC1}"
EndProject
Project("{FAE04EC0-301F-11D3-BF4B-00C04F79EFBC}") = "LMS.Tests", "LMS\LMS.Tests\LMS.Tests.csproj", "{7C3DF861-FD9E-49A8-93C2-3F92585FA16F}"
EndProject
Project("{FAE04EC0-301F-11D3-BF4B-00C04F79EFBC}") = "LMS.Web", "LMS\LMS.Web\LMS.Web\LMS.Web.csproj", "{459F2E37-727A-4DC3-8A37-9AC5E7441F99}"
EndProject
Project("{FAE04EC0-301F-11D3-BF4B-00C04F79EFBC}") = "LMS.Web.Client", "LMS\LMS.Web\LMS.Web.Client\LMS.Web.Client.csproj", "{17C517CF-0E47-4BEF-8CB5-F8C5701A1572}"
EndProject
Global
	GlobalSection(SolutionConfigurationPlatforms) = preSolution
		Debug|Any CPU = Debug|Any CPU
		Debug|x64 = Debug|x64
		Debug|x86 = Debug|x86
		Release|Any CPU = Release|Any CPU
		Release|x64 = Release|x64
		Release|x86 = Release|x86
	EndGlobalSection
	GlobalSection(ProjectConfigurationPlatforms) = postSolution
		{572A43DF-8564-4E85-8551-4E5100F30B5D}.Debug|Any CPU.ActiveCfg = Debug|Any CPU
		{572A43DF-8564-4E85-8551-4E5100F30B5D}.Debug|Any CPU.Build.0 = Debug|Any CPU
		{572A43DF-8564-4E85-8551-4E5100F30B5D}.Debug|x64.ActiveCfg = Debug|Any CPU
		{572A43DF-8564-4E85-8551-4E5100F30B5D}.Debug|x64.Build.0 = Debug|Any CPU
		{572A43DF-8564-4E85-8551-4E5100F30B5D}.Debug|x86.ActiveCfg = Debug|Any CPU
		{572A43DF-8564-4E85-8551-4E5100F30B5D}.Debug|x86.Build.0 = Debug|Any CPU
		{572A43DF-8564-4E85-8551-4E5100F30B5D}.Release|Any CPU.ActiveCfg = Release|Any CPU
		{572A43DF-8564-4E85-8551-4E5100F30B5D}.Release|Any CPU.Build.0 = Release|Any CPU
		{572A43DF-8564-4E85-8551-4E5100F30B5D}.Release|x64.ActiveCfg = Release|Any CPU
		{572A43DF-8564-4E85-8551-4E5100F30B5D}.Release|x64.Build.0 = Release|Any CPU
		{572A43DF-8564-4E85-8551-4E5100F30B5D}.Release|x86.ActiveCfg = Release|Any CPU
		{572A43DF-8564-4E85-8551-4E5100F30B5D}.Release|x86.Build.0 = Release|Any CPU
		{7FD9E3B5-11EF-49A4-BF2B-E080995577C8}.Debug|Any CPU.ActiveCfg = Debug|Any CPU
		{7FD9E3B5-11EF-49A4-BF2B-E080995577C8}.Debug|Any CPU.Build.0 = Debug|Any CPU
		{7FD9E3B5-11EF-49A4-BF2B-E080995577C8}.Debug|x64.ActiveCfg = Debug|Any CPU
		{7FD9E3B5-11EF-49A4-BF2B-E080995577C8}.Debug|x64.Build.0 = Debug|Any CPU
		{7FD9E3B5-11EF-49A4-BF2B-E080995577C8}.Debug|x86.ActiveCfg = Debug|Any CPU
		{7FD9E3B5-11EF-49A4-BF2B-E080995577C8}.Debug|x86.Build.0 = Debug|Any CPU
		{7FD9E3B5-11EF-49A4-BF2B-E080995577C8}.Release|Any CPU.ActiveCfg = Release|Any CPU
		{7FD9E3B5-11EF-49A4-BF2B-E080995577C8}.Release|Any CPU.Build.0 = Release|Any CPU
		{7FD9E3B5-11EF-49A4-BF2B-E080995577C8}.Release|x64.ActiveCfg = Release|Any CPU
		{7FD9E3B5-11EF-49A4-BF2B-E080995577C8}.Release|x64.Build.0 = Release|Any CPU
		{7FD9E3B5-11EF-49A4-BF2B-E080995577C8}.Release|x86.ActiveCfg = Release|Any CPU
		{7FD9E3B5-11EF-49A4-BF2B-E080995577C8}.Release|x86.Build.0 = Release|Any CPU
		{A6E2320A-C2F0-45E5-B042-6BB96C7D7BC1}.Debug|Any CPU.ActiveCfg = Debug|Any CPU
		{A6E2320A-C2F0-45E5-B042-6BB96C7D7BC1}.Debug|Any CPU.Build.0 = Debug|Any CPU
		{A6E2320A-C2F0-45E5-B042-6BB96C7D7BC1}.Debug|x64.ActiveCfg = Debug|Any CPU
		{A6E2320A-C2F0-45E5-B042-6BB96C7D7BC1}.Debug|x64.Build.0 = Debug|Any CPU
		{A6E2320A-C2F0-45E5-B042-6BB96C7D7BC1}.Debug|x86.ActiveCfg = Debug|Any CPU
		{A6E2320A-C2F0-45E5-B042-6BB96C7D7BC1}.Debug|x86.Build.0 = Debug|Any CPU
		{A6E2320A-C2F0-45E5-B042-6BB96C7D7BC1}.Release|Any CPU.ActiveCfg = Release|Any CPU
		{A6E2320A-C2F0-45E5-B042-6BB96C7D7BC1}.Release|Any CPU.Build.0 = Release|Any CPU
		{A6E2320A-C2F0-45E5-B042-6BB96C7D7BC1}.Release|x64.ActiveCfg = Release|Any CPU
		{A6E2320A-C2F0-45E5-B042-6BB96C7D7BC1}.Release|x64.Build.0 = Release|Any CPU
		{A6E2320A-C2F0-45E5-B042-6BB96C7D7BC1}.Release|x86.ActiveCfg = Release|Any CPU
		{A6E2320A-C2F0-45E5-B042-6BB96C7D7BC1}.Release|x86.Build.0 = Release|Any CPU
		{7C3DF861-FD9E-49A8-93C2-3F92585FA16F}.Debug|Any CPU.ActiveCfg = Debug|Any CPU
		{7C3DF861-FD9E-49A8-93C2-3F92585FA16F}.Debug|Any CPU.Build.0 = Debug|Any CPU
		{7C3DF861-FD9E-49A8-93C2-3F92585FA16F}.Debug|x64.ActiveCfg = Debug|Any CPU
		{7C3DF861-FD9E-49A8-93C2-3F92585FA16F}.Debug|x64.Build.0 = Debug|Any CPU
		{7C3DF861-FD9E-49A8-93C2-3F92585FA16F}.Debug|x86.ActiveCfg = Debug|Any CPU
		{7C3DF861-FD9E-49A8-93C2-3F92585FA16F}.Debug|x86.Build.0 = Debug|Any CPU
		{7C3DF861-FD9E-49A8-93C2-3F92585FA16F}.Release|Any CPU.ActiveCfg = Release|Any CPU
		{7C3DF861-FD9E-49A8-93C2-3F92585FA16F}.Release|Any CPU.Build.0 = Release|Any CPU
		{7C3DF861-FD9E-49A8-93C2-3F92585FA16F}.Release|x64.ActiveCfg = Release|Any CPU
		{7C3DF861-FD9E-49A8-93C2-3F92585FA16F}.Release|x64.Build.0 = Release|Any CPU
		{7C3DF861-FD9E-49A8-93C2-3F92585FA16F}.Release|x86.ActiveCfg = Release|Any CPU
		{7C3DF861-FD9E-49A8-93C2-3F92585FA16F}.Release|x86.Build.0 = Release|Any CPU
		{459F2E37-727A-4DC3-8A37-9AC5E7441F99}.Debug|Any CPU.ActiveCfg = Debug|Any CPU
		{459F2E37-727A-4DC3-8A37-9AC5E7441F99}.Debug|Any CPU.Build.0 = Debug|Any CPU
		{459F2E37-727A-4DC3-8A37-9AC5E7441F99}.Debug|x64.ActiveCfg = Debug|Any CPU
		{459F2E37-727A-4DC3-8A37-9AC5E7441F99}.Debug|x64.Build.0 = Debug|Any CPU
		{459F2E37-727A-4DC3-8A37-9AC5E7441F99}.Debug|x86.ActiveCfg = Debug|Any CPU
		{459F2E37-727A-4DC3-8A37-9AC5E7441F99}.Debug|x86.Build.0 = Debug|Any CPU
		{459F2E37-727A-4DC3-8A37-9AC5E7441F99}.Release|Any CPU.ActiveCfg = Release|Any CPU
		{459F2E37-727A-4DC3-8A37-9AC5E7441F99}.Release|Any CPU.Build.0 = Release|Any CPU
		{459F2E37-727A-4DC3-8A37-9AC5E7441F99}.Release|x64.ActiveCfg = Release|Any CPU
		{459F2E37-727A-4DC3-8A37-9AC5E7441F99}.Release|x64.Build.0 = Release|Any CPU
		{459F2E37-727A-4DC3-8A37-9AC5E7441F99}.Release|x86.ActiveCfg = Release|Any CPU
		{459F2E37-727A-4DC3-8A37-9AC5E7441F99}.Release|x86.Build.0 = Release|Any CPU
		{17C517CF-0E47-4BEF-8CB5-F8C5701A1572}.Debug|Any CPU.ActiveCfg = Debug|Any CPU
		{17C517CF-0E47-4BEF-8CB5-F8C5701A1572}.Debug|Any CPU.Build.0 = Debug|Any CPU
		{17C517CF-0E47-4BEF-8CB5-F8C5701A1572}.Debug|x64.ActiveCfg = Debug|Any CPU
		{17C517CF-0E47-4BEF-8CB5-F8C5701A1572}.Debug|x64.Build.0 = Debug|Any CPU
		{17C517CF-0E47-4BEF-8CB5-F8C5701A1572}.Debug|x86.ActiveCfg = Debug|Any CPU
		{17C517CF-0E47-4BEF-8CB5-F8C5701A1572}.Debug|x86.Build.0 = Debug|Any CPU
		{17C517CF-0E47-4BEF-8CB5-F8C5701A1572}.Release|Any CPU.ActiveCfg = Release|Any CPU
		{17C517CF-0E47-4BEF-8CB5-F8C5701A1572}.Release|Any CPU.Build.0 = Release|Any CPU
		{17C517CF-0E47-4BEF-8CB5-F8C5701A1572}.Release|x64.ActiveCfg = Release|Any CPU
		{17C517CF-0E47-4BEF-8CB5-F8C5701A1572}.Release|x64.Build.0 = Release|Any CPU
		{17C517CF-0E47-4BEF-8CB5-F8C5701A1572}.Release|x86.ActiveCfg = Release|Any CPU
		{17C517CF-0E47-4BEF-8CB5-F8C5701A1572}.Release|x86.Build.0 = Release|Any CPU
	EndGlobalSection
	GlobalSection(SolutionProperties) = preSolution
		HideSolutionNode = FALSE
	EndGlobalSection
	GlobalSection(NestedProjects) = preSolution
		{572A43DF-8564-4E85-8551-4E5100F30B5D} = {1056330D-E7ED-636E-D487-14786E55E509}
		{7FD9E3B5-11EF-49A4-BF2B-E080995577C8} = {1056330D-E7ED-636E-D487-14786E55E509}
		{A6E2320A-C2F0-45E5-B042-6BB96C7D7BC1} = {1056330D-E7ED-636E-D487-14786E55E509}
		{7C3DF861-FD9E-49A8-93C2-3F92585FA16F} = {1056330D-E7ED-636E-D487-14786E55E509}
		{459F2E37-727A-4DC3-8A37-9AC5E7441F99} = {1056330D-E7ED-636E-D487-14786E55E509}
		{17C517CF-0E47-4BEF-8CB5-F8C5701A1572} = {1056330D-E7ED-636E-D487-14786E55E509}
	EndGlobalSection
EndGlobal
