
Microsoft Visual Studio Solution File, Format Version 12.00
# Visual Studio Version 17
VisualStudioVersion = 17.5.2.0
MinimumVisualStudioVersion = 10.0.40219.1
Project("{FAE04EC0-301F-11D3-BF4B-00C04F79EFBC}") = "LMS.AppHost", "LMS.AppHost\LMS.AppHost.csproj", "{F10E3B28-70C1-7224-F144-1EE75129E813}"
EndProject
Project("{FAE04EC0-301F-11D3-BF4B-00C04F79EFBC}") = "LMS.Data", "LMS.Data\LMS.Data.csproj", "{7AF9D7BC-4173-7066-E6A1-5D4942F3591F}"
EndProject
Project("{FAE04EC0-301F-11D3-BF4B-00C04F79EFBC}") = "LMS.ServiceDefaults", "LMS.ServiceDefaults\LMS.ServiceDefaults.csproj", "{3BA751BA-0A0A-676F-41B8-E90E1DBBD6F6}"
EndProject
Project("{FAE04EC0-301F-11D3-BF4B-00C04F79EFBC}") = "LMS.Tests", "LMS.Tests\LMS.Tests.csproj", "{C39E0C82-F526-6B4D-4DC2-BD24E19899DB}"
EndProject
Project("{FAE04EC0-301F-11D3-BF4B-00C04F79EFBC}") = "LMS.UI", "LMS.UI\LMS.UI\LMS.UI.csproj", "{12061A67-7C85-4635-8524-EB2358E207E0}"
EndProject
Project("{FAE04EC0-301F-11D3-BF4B-00C04F79EFBC}") = "LMS.UI.Shared", "LMS.UI\LMS.UI.Shared\LMS.UI.Shared.csproj", "{8CD3F2A9-7470-48F5-97AC-B85447F5E06E}"
EndProject
Project("{FAE04EC0-301F-11D3-BF4B-00C04F79EFBC}") = "LMS.UI.Web", "LMS.UI\LMS.UI.Web\LMS.UI.Web.csproj", "{66F8F5BA-1479-420F-A203-193F9ED3D618}"
EndProject
Global
	GlobalSection(SolutionConfigurationPlatforms) = preSolution
		Debug|Any CPU = Debug|Any CPU
		Debug|x64 = Debug|x64
		Debug|x86 = Debug|x86
		Release|Any CPU = Release|Any CPU
		Release|x64 = Release|x64
		Release|x86 = Release|x86
	EndGlobalSection
	GlobalSection(ProjectConfigurationPlatforms) = postSolution
		{F10E3B28-70C1-7224-F144-1EE75129E813}.Debug|Any CPU.ActiveCfg = Debug|Any CPU
		{F10E3B28-70C1-7224-F144-1EE75129E813}.Debug|Any CPU.Build.0 = Debug|Any CPU
		{F10E3B28-70C1-7224-F144-1EE75129E813}.Debug|x64.ActiveCfg = Debug|Any CPU
		{F10E3B28-70C1-7224-F144-1EE75129E813}.Debug|x64.Build.0 = Debug|Any CPU
		{F10E3B28-70C1-7224-F144-1EE75129E813}.Debug|x86.ActiveCfg = Debug|Any CPU
		{F10E3B28-70C1-7224-F144-1EE75129E813}.Debug|x86.Build.0 = Debug|Any CPU
		{F10E3B28-70C1-7224-F144-1EE75129E813}.Release|Any CPU.ActiveCfg = Release|Any CPU
		{F10E3B28-70C1-7224-F144-1EE75129E813}.Release|Any CPU.Build.0 = Release|Any CPU
		{F10E3B28-70C1-7224-F144-1EE75129E813}.Release|x64.ActiveCfg = Release|Any CPU
		{F10E3B28-70C1-7224-F144-1EE75129E813}.Release|x64.Build.0 = Release|Any CPU
		{F10E3B28-70C1-7224-F144-1EE75129E813}.Release|x86.ActiveCfg = Release|Any CPU
		{F10E3B28-70C1-7224-F144-1EE75129E813}.Release|x86.Build.0 = Release|Any CPU
		{7AF9D7BC-4173-7066-E6A1-5D4942F3591F}.Debug|Any CPU.ActiveCfg = Debug|Any CPU
		{7AF9D7BC-4173-7066-E6A1-5D4942F3591F}.Debug|Any CPU.Build.0 = Debug|Any CPU
		{7AF9D7BC-4173-7066-E6A1-5D4942F3591F}.Debug|x64.ActiveCfg = Debug|Any CPU
		{7AF9D7BC-4173-7066-E6A1-5D4942F3591F}.Debug|x64.Build.0 = Debug|Any CPU
		{7AF9D7BC-4173-7066-E6A1-5D4942F3591F}.Debug|x86.ActiveCfg = Debug|Any CPU
		{7AF9D7BC-4173-7066-E6A1-5D4942F3591F}.Debug|x86.Build.0 = Debug|Any CPU
		{7AF9D7BC-4173-7066-E6A1-5D4942F3591F}.Release|Any CPU.ActiveCfg = Release|Any CPU
		{7AF9D7BC-4173-7066-E6A1-5D4942F3591F}.Release|Any CPU.Build.0 = Release|Any CPU
		{7AF9D7BC-4173-7066-E6A1-5D4942F3591F}.Release|x64.ActiveCfg = Release|Any CPU
		{7AF9D7BC-4173-7066-E6A1-5D4942F3591F}.Release|x64.Build.0 = Release|Any CPU
		{7AF9D7BC-4173-7066-E6A1-5D4942F3591F}.Release|x86.ActiveCfg = Release|Any CPU
		{7AF9D7BC-4173-7066-E6A1-5D4942F3591F}.Release|x86.Build.0 = Release|Any CPU
		{3BA751BA-0A0A-676F-41B8-E90E1DBBD6F6}.Debug|Any CPU.ActiveCfg = Debug|Any CPU
		{3BA751BA-0A0A-676F-41B8-E90E1DBBD6F6}.Debug|Any CPU.Build.0 = Debug|Any CPU
		{3BA751BA-0A0A-676F-41B8-E90E1DBBD6F6}.Debug|x64.ActiveCfg = Debug|Any CPU
		{3BA751BA-0A0A-676F-41B8-E90E1DBBD6F6}.Debug|x64.Build.0 = Debug|Any CPU
		{3BA751BA-0A0A-676F-41B8-E90E1DBBD6F6}.Debug|x86.ActiveCfg = Debug|Any CPU
		{3BA751BA-0A0A-676F-41B8-E90E1DBBD6F6}.Debug|x86.Build.0 = Debug|Any CPU
		{3BA751BA-0A0A-676F-41B8-E90E1DBBD6F6}.Release|Any CPU.ActiveCfg = Release|Any CPU
		{3BA751BA-0A0A-676F-41B8-E90E1DBBD6F6}.Release|Any CPU.Build.0 = Release|Any CPU
		{3BA751BA-0A0A-676F-41B8-E90E1DBBD6F6}.Release|x64.ActiveCfg = Release|Any CPU
		{3BA751BA-0A0A-676F-41B8-E90E1DBBD6F6}.Release|x64.Build.0 = Release|Any CPU
		{3BA751BA-0A0A-676F-41B8-E90E1DBBD6F6}.Release|x86.ActiveCfg = Release|Any CPU
		{3BA751BA-0A0A-676F-41B8-E90E1DBBD6F6}.Release|x86.Build.0 = Release|Any CPU
		{C39E0C82-F526-6B4D-4DC2-BD24E19899DB}.Debug|Any CPU.ActiveCfg = Debug|Any CPU
		{C39E0C82-F526-6B4D-4DC2-BD24E19899DB}.Debug|Any CPU.Build.0 = Debug|Any CPU
		{C39E0C82-F526-6B4D-4DC2-BD24E19899DB}.Debug|x64.ActiveCfg = Debug|Any CPU
		{C39E0C82-F526-6B4D-4DC2-BD24E19899DB}.Debug|x64.Build.0 = Debug|Any CPU
		{C39E0C82-F526-6B4D-4DC2-BD24E19899DB}.Debug|x86.ActiveCfg = Debug|Any CPU
		{C39E0C82-F526-6B4D-4DC2-BD24E19899DB}.Debug|x86.Build.0 = Debug|Any CPU
		{C39E0C82-F526-6B4D-4DC2-BD24E19899DB}.Release|Any CPU.ActiveCfg = Release|Any CPU
		{C39E0C82-F526-6B4D-4DC2-BD24E19899DB}.Release|Any CPU.Build.0 = Release|Any CPU
		{C39E0C82-F526-6B4D-4DC2-BD24E19899DB}.Release|x64.ActiveCfg = Release|Any CPU
		{C39E0C82-F526-6B4D-4DC2-BD24E19899DB}.Release|x64.Build.0 = Release|Any CPU
		{C39E0C82-F526-6B4D-4DC2-BD24E19899DB}.Release|x86.ActiveCfg = Release|Any CPU
		{C39E0C82-F526-6B4D-4DC2-BD24E19899DB}.Release|x86.Build.0 = Release|Any CPU
		{12061A67-7C85-4635-8524-EB2358E207E0}.Debug|Any CPU.ActiveCfg = Debug|Any CPU
		{12061A67-7C85-4635-8524-EB2358E207E0}.Debug|Any CPU.Build.0 = Debug|Any CPU
		{12061A67-7C85-4635-8524-EB2358E207E0}.Debug|Any CPU.Deploy.0 = Debug|Any CPU
		{12061A67-7C85-4635-8524-EB2358E207E0}.Debug|x64.ActiveCfg = Debug|Any CPU
		{12061A67-7C85-4635-8524-EB2358E207E0}.Debug|x64.Build.0 = Debug|Any CPU
		{12061A67-7C85-4635-8524-EB2358E207E0}.Debug|x86.ActiveCfg = Debug|Any CPU
		{12061A67-7C85-4635-8524-EB2358E207E0}.Debug|x86.Build.0 = Debug|Any CPU
		{12061A67-7C85-4635-8524-EB2358E207E0}.Release|Any CPU.ActiveCfg = Release|Any CPU
		{12061A67-7C85-4635-8524-EB2358E207E0}.Release|Any CPU.Build.0 = Release|Any CPU
		{12061A67-7C85-4635-8524-EB2358E207E0}.Release|x64.ActiveCfg = Release|Any CPU
		{12061A67-7C85-4635-8524-EB2358E207E0}.Release|x64.Build.0 = Release|Any CPU
		{12061A67-7C85-4635-8524-EB2358E207E0}.Release|x86.ActiveCfg = Release|Any CPU
		{12061A67-7C85-4635-8524-EB2358E207E0}.Release|x86.Build.0 = Release|Any CPU
		{8CD3F2A9-7470-48F5-97AC-B85447F5E06E}.Debug|Any CPU.ActiveCfg = Debug|Any CPU
		{8CD3F2A9-7470-48F5-97AC-B85447F5E06E}.Debug|Any CPU.Build.0 = Debug|Any CPU
		{8CD3F2A9-7470-48F5-97AC-B85447F5E06E}.Debug|x64.ActiveCfg = Debug|Any CPU
		{8CD3F2A9-7470-48F5-97AC-B85447F5E06E}.Debug|x64.Build.0 = Debug|Any CPU
		{8CD3F2A9-7470-48F5-97AC-B85447F5E06E}.Debug|x86.ActiveCfg = Debug|Any CPU
		{8CD3F2A9-7470-48F5-97AC-B85447F5E06E}.Debug|x86.Build.0 = Debug|Any CPU
		{8CD3F2A9-7470-48F5-97AC-B85447F5E06E}.Release|Any CPU.ActiveCfg = Release|Any CPU
		{8CD3F2A9-7470-48F5-97AC-B85447F5E06E}.Release|Any CPU.Build.0 = Release|Any CPU
		{8CD3F2A9-7470-48F5-97AC-B85447F5E06E}.Release|x64.ActiveCfg = Release|Any CPU
		{8CD3F2A9-7470-48F5-97AC-B85447F5E06E}.Release|x64.Build.0 = Release|Any CPU
		{8CD3F2A9-7470-48F5-97AC-B85447F5E06E}.Release|x86.ActiveCfg = Release|Any CPU
		{8CD3F2A9-7470-48F5-97AC-B85447F5E06E}.Release|x86.Build.0 = Release|Any CPU
		{66F8F5BA-1479-420F-A203-193F9ED3D618}.Debug|Any CPU.ActiveCfg = Debug|Any CPU
		{66F8F5BA-1479-420F-A203-193F9ED3D618}.Debug|Any CPU.Build.0 = Debug|Any CPU
		{66F8F5BA-1479-420F-A203-193F9ED3D618}.Debug|x64.ActiveCfg = Debug|Any CPU
		{66F8F5BA-1479-420F-A203-193F9ED3D618}.Debug|x64.Build.0 = Debug|Any CPU
		{66F8F5BA-1479-420F-A203-193F9ED3D618}.Debug|x86.ActiveCfg = Debug|Any CPU
		{66F8F5BA-1479-420F-A203-193F9ED3D618}.Debug|x86.Build.0 = Debug|Any CPU
		{66F8F5BA-1479-420F-A203-193F9ED3D618}.Release|Any CPU.ActiveCfg = Release|Any CPU
		{66F8F5BA-1479-420F-A203-193F9ED3D618}.Release|Any CPU.Build.0 = Release|Any CPU
		{66F8F5BA-1479-420F-A203-193F9ED3D618}.Release|x64.ActiveCfg = Release|Any CPU
		{66F8F5BA-1479-420F-A203-193F9ED3D618}.Release|x64.Build.0 = Release|Any CPU
		{66F8F5BA-1479-420F-A203-193F9ED3D618}.Release|x86.ActiveCfg = Release|Any CPU
		{66F8F5BA-1479-420F-A203-193F9ED3D618}.Release|x86.Build.0 = Release|Any CPU
	EndGlobalSection
	GlobalSection(SolutionProperties) = preSolution
		HideSolutionNode = FALSE
	EndGlobalSection
	GlobalSection(ExtensibilityGlobals) = postSolution
		SolutionGuid = {62D8D883-8326-40A5-9609-7766EEEB40A4}
	EndGlobalSection
EndGlobal
